// !$*UTF8*$!
{
	archiveVersion = 1;
	classes = {
	};
	objectVersion = 46;
	objects = {

/* Begin PBXBuildFile section */
		58B603221CC5749800CE9B8E /* main.m in Sources */ = {isa = PBXBuildFile; fileRef = 58B603211CC5749800CE9B8E /* main.m */; };
		58B603291CC5775700CE9B8E /* arrayHelper.m in Sources */ = {isa = PBXBuildFile; fileRef = 58B603281CC5775700CE9B8E /* arrayHelper.m */; };
/* End PBXBuildFile section */

/* Begin PBXCopyFilesBuildPhase section */
		58B6031C1CC5749800CE9B8E /* CopyFiles */ = {
			isa = PBXCopyFilesBuildPhase;
			buildActionMask = 2147483647;
			dstPath = /usr/share/man/man1/;
			dstSubfolderSpec = 0;
			files = (
			);
			runOnlyForDeploymentPostprocessing = 1;
		};
/* End PBXCopyFilesBuildPhase section */

/* Begin PBXFileReference section */
		58B6031E1CC5749800CE9B8E /* Largest Number In Array */ = {isa = PBXFileReference; explicitFileType = "compiled.mach-o.executable"; includeInIndex = 0; path = "Largest Number In Array"; sourceTree = BUILT_PRODUCTS_DIR; };
		58B603211CC5749800CE9B8E /* main.m */ = {isa = PBXFileReference; lastKnownFileType = sourcecode.c.objc; path = main.m; sourceTree = "<group>"; };
		58B603281CC5775700CE9B8E /* arrayHelper.m */ = {isa = PBXFileReference; fileEncoding = 4; lastKnownFileType = sourcecode.c.objc; path = arrayHelper.m; sourceTree = "<group>"; };
/* End PBXFileReference section */

/* Begin PBXFrameworksBuildPhase section */
		58B6031B1CC5749800CE9B8E /* Frameworks */ = {
			isa = PBXFrameworksBuildPhase;
			buildActionMask = 2147483647;
			files = (
			);
			runOnlyForDeploymentPostprocessing = 0;
		};
/* End PBXFrameworksBuildPhase section */

/* Begin PBXGroup section */
		58B603151CC5749800CE9B8E = {
			isa = PBXGroup;
			children = (
				58B603201CC5749800CE9B8E /* Largest Number In Array */,
				58B6031F1CC5749800CE9B8E /* Products */,
			);
			sourceTree = "<group>";
		};
		58B6031F1CC5749800CE9B8E /* Products */ = {
			isa = PBXGroup;
			children = (
				58B6031E1CC5749800CE9B8E /* Largest Number In Array */,
			);
			name = Products;
			sourceTree = "<group>";
		};
		58B603201CC5749800CE9B8E /* Largest Number In Array */ = {
			isa = PBXGroup;
			children = (
				58B603211CC5749800CE9B8E /* main.m */,
				58B603281CC5775700CE9B8E /* arrayHelper.m */,
			);
			path = "Largest Number In Array";
			sourceTree = "<group>";
		};
/* End PBXGroup section */

/* Begin PBXNativeTarget section */
		58B6031D1CC5749800CE9B8E /* Largest Number In Array */ = {
			isa = PBXNativeTarget;
			buildConfigurationList = 58B603251CC5749800CE9B8E /* Build configuration list for PBXNativeTarget "Largest Number In Array" */;
			buildPhases = (
				58B6031A1CC5749800CE9B8E /* Sources */,
				58B6031B1CC5749800CE9B8E /* Frameworks */,
				58B6031C1CC5749800CE9B8E /* CopyFiles */,
			);
			buildRules = (
			);
			dependencies = (
			);
			name = "Largest Number In Array";
			productName = "Largest Number In Array";
			productReference = 58B6031E1CC5749800CE9B8E /* Largest Number In Array */;
			productType = "com.apple.product-type.tool";
		};
/* End PBXNativeTarget section */

/* Begin PBXProject section */
		58B603161CC5749800CE9B8E /* Project object */ = {
			isa = PBXProject;
			attributes = {
				LastUpgradeCheck = 0730;
				ORGANIZATIONNAME = "Zach Smoroden";
				TargetAttributes = {
					58B6031D1CC5749800CE9B8E = {
						CreatedOnToolsVersion = 7.3;
					};
				};
			};
			buildConfigurationList = 58B603191CC5749800CE9B8E /* Build configuration list for PBXProject "Largest Number In Array" */;
			compatibilityVersion = "Xcode 3.2";
			developmentRegion = English;
			hasScannedForEncodings = 0;
			knownRegions = (
				en,
			);
			mainGroup = 58B603151CC5749800CE9B8E;
			productRefGroup = 58B6031F1CC5749800CE9B8E /* Products */;
			projectDirPath = "";
			projectRoot = "";
			targets = (
				58B6031D1CC5749800CE9B8E /* Largest Number In Array */,
			);
		};
/* End PBXProject section */

/* Begin PBXSourcesBuildPhase section */
		58B6031A1CC5749800CE9B8E /* Sources */ = {
			isa = PBXSourcesBuildPhase;
			buildActionMask = 2147483647;
			files = (
				58B603221CC5749800CE9B8E /* main.m in Sources */,
				58B603291CC5775700CE9B8E /* arrayHelper.m in Sources */,
			);
			runOnlyForDeploymentPostprocessing = 0;
		};
/* End PBXSourcesBuildPhase section */

/* Begin XCBuildConfiguration section */
		58B603231CC5749800CE9B8E /* Debug */ = {
			isa = XCBuildConfiguration;
			buildSettings = {
				ALWAYS_SEARCH_USER_PATHS = NO;
				CLANG_ANALYZER_NONNULL = YES;
				CLANG_CXX_LANGUAGE_STANDARD = "gnu++0x";
				CLANG_CXX_LIBRARY = "libc++";
				CLANG_ENABLE_MODULES = YES;
				CLANG_ENABLE_OBJC_ARC = YES;
				CLANG_WARN_BOOL_CONVERSION = YES;
				CLANG_WARN_CONSTANT_CONVERSION = YES;
				CLANG_WARN_DIRECT_OBJC_ISA_USAGE = YES_ERROR;
				CLANG_WARN_EMPTY_BODY = YES;
				CLANG_WARN_ENUM_CONVERSION = YES;
				CLANG_WARN_INT_CONVERSION = YES;
				CLANG_WARN_OBJC_ROOT_CLASS = YES_ERROR;
				CLANG_WARN_UNREACHABLE_CODE = YES;
				CLANG_WARN__DUPLICATE_METHOD_MATCH = YES;
				CODE_SIGN_IDENTITY = "-";
				COPY_PHASE_STRIP = NO;
				DEBUG_INFORMATION_FORMAT = dwarf;
				ENABLE_STRICT_OBJC_MSGSEND = YES;
				ENABLE_TESTABILITY = YES;
				GCC_C_LANGUAGE_STANDARD = gnu99;
				GCC_DYNAMIC_NO_PIC = NO;
				GCC_NO_COMMON_BLOCKS = YES;
				GCC_OPTIMIZATION_LEVEL = 0;
				GCC_PREPROCESSOR_DEFINITIONS = (
					"DEBUG=1",
					"$(inherited)",
				);
				GCC_WARN_64_TO_32_BIT_CONVERSION = YES;
				GCC_WARN_ABOUT_RETURN_TYPE = YES_ERROR;
				GCC_WARN_UNDECLARED_SELECTOR = YES;
				GCC_WARN_UNINITIALIZED_AUTOS = YES_AGGRESSIVE;
				GCC_WARN_UNUSED_FUNCTION = YES;
				GCC_WARN_UNUSED_VARIABLE = YES;
				MACOSX_DEPLOYMENT_TARGET = 10.11;
				MTL_ENABLE_DEBUG_INFO = YES;
				ONLY_ACTIVE_ARCH = YES;
				SDKROOT = macosx;
			};
			name = Debug;
		};
		58B603241CC5749800CE9B8E /* Release */ = {
			isa = XCBuildConfiguration;
			buildSettings = {
				ALWAYS_SEARCH_USER_PATHS = NO;
				CLANG_ANALYZER_NONNULL = YES;
				CLANG_CXX_LANGUAGE_STANDARD = "gnu++0x";
				CLANG_CXX_LIBRARY = "libc++";
				CLANG_ENABLE_MODULES = YES;
				CLANG_ENABLE_OBJC_ARC = YES;
				CLANG_WARN_BOOL_CONVERSION = YES;
				CLANG_WARN_CONSTANT_CONVERSION = YES;
				CLANG_WARN_DIRECT_OBJC_ISA_USAGE = YES_ERROR;
				CLANG_WARN_EMPTY_BODY = YES;
				CLANG_WARN_ENUM_CONVERSION = YES;
				CLANG_WARN_INT_CONVERSION = YES;
				CLANG_WARN_OBJC_ROOT_CLASS = YES_ERROR;
				CLANG_WARN_UNREACHABLE_CODE = YES;
				CLANG_WARN__DUPLICATE_METHOD_MATCH = YES;
				CODE_SIGN_IDENTITY = "-";
				COPY_PHASE_STRIP = NO;
				DEBUG_INFORMATION_FORMAT = "dwarf-with-dsym";
				ENABLE_NS_ASSERTIONS = NO;
				ENABLE_STRICT_OBJC_MSGSEND = YES;
				GCC_C_LANGUAGE_STANDARD = gnu99;
				GCC_NO_COMMON_BLOCKS = YES;
				GCC_WARN_64_TO_32_BIT_CONVERSION = YES;
				GCC_WARN_ABOUT_RETURN_TYPE = YES_ERROR;
				GCC_WARN_UNDECLARED_SELECTOR = YES;
				GCC_WARN_UNINITIALIZED_AUTOS = YES_AGGRESSIVE;
				GCC_WARN_UNUSED_FUNCTION = YES;
				GCC_WARN_UNUSED_VARIABLE = YES;
				MACOSX_DEPLOYMENT_TARGET = 10.11;
				MTL_ENABLE_DEBUG_INFO = NO;
				SDKROOT = macosx;
			};
			name = Release;
		};
		58B603261CC5749800CE9B8E /* Debug */ = {
			isa = XCBuildConfiguration;
			buildSettings = {
				PRODUCT_NAME = "$(TARGET_NAME)";
			};
			name = Debug;
		};
		58B603271CC5749800CE9B8E /* Release */ = {
			isa = XCBuildConfiguration;
			buildSettings = {
				PRODUCT_NAME = "$(TARGET_NAME)";
			};
			name = Release;
		};
/* End XCBuildConfiguration section */

/* Begin XCConfigurationList section */
		58B603191CC5749800CE9B8E /* Build configuration list for PBXProject "Largest Number In Array" */ = {
			isa = XCConfigurationList;
			buildConfigurations = (
				58B603231CC5749800CE9B8E /* Debug */,
				58B603241CC5749800CE9B8E /* Release */,
			);
			defaultConfigurationIsVisible = 0;
			defaultConfigurationName = Release;
		};
		58B603251CC5749800CE9B8E /* Build configuration list for PBXNativeTarget "Largest Number In Array" */ = {
			isa = XCConfigurationList;
			buildConfigurations = (
				58B603261CC5749800CE9B8E /* Debug */,
				58B603271CC5749800CE9B8E /* Release */,
			);
			defaultConfigurationIsVisible = 0;
		};
/* End XCConfigurationList section */
	};
	rootObject = 58B603161CC5749800CE9B8E /* Project object */;
}
